
Microsoft Visual Studio Solution File, Format Version 12.00
# Visual Studio Version 17
VisualStudioVersion = 17.7.34018.315
MinimumVisualStudioVersion = 10.0.40219.1
Project("{FAE04EC0-301F-11D3-BF4B-00C04F79EFBC}") = "transportathon_hackathon", "transportathon_hackathon.csproj", "{E2D2DF41-2838-4369-8345-261975EDDB4E}"
EndProject
Global
	GlobalSection(SolutionConfigurationPlatforms) = preSolution
		Debug|Any CPU = Debug|Any CPU
		Release|Any CPU = Release|Any CPU
	EndGlobalSection
	GlobalSection(ProjectConfigurationPlatforms) = postSolution
		{E2D2DF41-2838-4369-8345-261975EDDB4E}.Debug|Any CPU.ActiveCfg = Debug|Any CPU
		{E2D2DF41-2838-4369-8345-261975EDDB4E}.Debug|Any CPU.Build.0 = Debug|Any CPU
		{E2D2DF41-2838-4369-8345-261975EDDB4E}.Release|Any CPU.ActiveCfg = Release|Any CPU
		{E2D2DF41-2838-4369-8345-261975EDDB4E}.Release|Any CPU.Build.0 = Release|Any CPU
	EndGlobalSection
	GlobalSection(SolutionProperties) = preSolution
		HideSolutionNode = FALSE
	EndGlobalSection
	GlobalSection(ExtensibilityGlobals) = postSolution
		SolutionGuid = {95EAC1EF-47B8-41E2-A788-5EEFC4A12E00}
	EndGlobalSection
EndGlobal
